<?xml version="1.0" encoding="utf-8"?>
<Project ToolsVersion="4.0" xmlns="http://schemas.microsoft.com/developer/msbuild/2003">
  <ItemGroup>
    <Filter Include="Source Files">
      <UniqueIdentifier>{e1e9d4be-ad81-444f-9363-c0ff5cbd0a45}</UniqueIdentifier>
      <Extensions>cpp;c;cxx;rc;def;r;odl;idl;hpj;bat</Extensions>
    </Filter>
    <Filter Include="Header Files">
      <UniqueIdentifier>{7d5fe7b3-fe1a-4aac-bf30-149a7fc653da}</UniqueIdentifier>
      <Extensions>h;hpp;hxx;hm;inl</Extensions>
    </Filter>
    <Filter Include="Resource Files">
      <UniqueIdentifier>{dee9bab8-3306-4795-9a0a-1d0a43037c65}</UniqueIdentifier>
      <Extensions>ico;cur;bmp;dlg;rc2;rct;bin;rgs;gif;jpg;jpeg;jpe</Extensions>
    </Filter>
  </ItemGroup>
  <ItemGroup>
    <ClCompile Include="IniMods.cpp">
      <Filter>Source Files</Filter>
    </ClCompile>
    <ClCompile Include="IpDropDown.cpp">
      <Filter>Source Files</Filter>
    </ClCompile>
    <ClCompile Include="ModMgr.cpp">
      <Filter>Source Files</Filter>
    </ClCompile>
    <ClCompile Include="op2ext.cpp">
      <Filter>Source Files</Filter>
    </ClCompile>
    <ClCompile Include="VolList.cpp">
      <Filter>Source Files</Filter>
    </ClCompile>
  </ItemGroup>
  <ItemGroup>
    <ClInclude Include="IpDropDown.h">
      <Filter>Header Files</Filter>
    </ClInclude>
    <ClInclude Include="ModMgr.h">
      <Filter>Header Files</Filter>
    </ClInclude>
    <ClInclude Include="op2ext.h">
      <Filter>Header Files</Filter>
    </ClInclude>
    <ClInclude Include="VolList.h">
      <Filter>Header Files</Filter>
    </ClInclude>
  </ItemGroup>
</Project>