<?xml version="1.0" encoding="utf-8"?>
<Project ToolsVersion="4.0" xmlns="http://schemas.microsoft.com/developer/msbuild/2003">
  <ItemGroup>
    <ClCompile Include="op2ext.cpp"/>
    <ClCompile Include="DllMain.cpp"/>
  </ItemGroup>
  <ItemGroup>
    <ClInclude Include="op2ext.h"/>
    <ClInclude Include="resource.h"/>
  </ItemGroup>
  <ItemGroup>
    <ResourceCompile Include="op2ext.rc"/>
  </ItemGroup>
</Project>