<?xml version="1.0" encoding="utf-8"?>
<Project ToolsVersion="4.0" xmlns="http://schemas.microsoft.com/developer/msbuild/2003">
  <ItemGroup>
    <ClCompile Include="GetCommandLineArguments.cpp" />
    <ClCompile Include="ConsoleArgumentParser.cpp" />
    <ClCompile Include="FileSystemHelper.cpp" />
    <ClCompile Include="ModuleLoader.cpp" />
    <ClCompile Include="IniFile.cpp" />
    <ClCompile Include="Log.cpp" />
    <ClCompile Include="Log/LoggerDebug.cpp" />
    <ClCompile Include="Log/LoggerDistributor.cpp" />
    <ClCompile Include="Log/LoggerFile.cpp" />
    <ClCompile Include="Log/LoggerMessageBox.cpp" />
    <ClCompile Include="OP2Memory.cpp" />
    <ClCompile Include="ResourceSearchPath.cpp" />
    <ClCompile Include="StringConversion.cpp" />
    <ClCompile Include="VolList.cpp" />
    <ClCompile Include="WindowsErrorCode.cpp" />
    <ClCompile Include="WindowsModule.cpp" />
    <ClCompile Include="GameModules\IniModule.cpp">
      <Filter>GameModules</Filter>
    </ClCompile>
    <ClCompile Include="GameModules\IpDropDown.cpp">
      <Filter>GameModules</Filter>
    </ClCompile>
    <ClCompile Include="GameModules\DllModule.cpp">
      <Filter>GameModules</Filter>
    </ClCompile>
    <ClCompile Include="GameModules\ConsoleModule.cpp">
      <Filter>GameModules</Filter>
    </ClCompile>
  </ItemGroup>
  <ItemGroup>
    <ClInclude Include="GetCommandLineArguments.h" />
    <ClInclude Include="ConsoleArgumentParser.h" />
    <ClInclude Include="EventListener.h" />
    <ClInclude Include="FileSystemHelper.h" />
    <ClInclude Include="FsInclude.h" />
    <ClInclude Include="GameModule.h" />
    <ClInclude Include="ModuleLoader.h" />
    <ClInclude Include="IniFile.h" />
    <ClInclude Include="LocalResource.h" />
    <ClInclude Include="Log.h" />
    <ClInclude Include="Log/Logger.h" />
    <ClInclude Include="Log/LoggerDebug.h" />
    <ClInclude Include="Log/LoggerDistributor.h" />
    <ClInclude Include="Log/LoggerFile.h" />
    <ClInclude Include="Log/LoggerMessageBox.h" />
    <ClInclude Include="OP2Memory.h" />
    <ClInclude Include="ResourceSearchPath.h" />
    <ClInclude Include="StringConversion.h" />
    <ClInclude Include="VolList.h" />
    <ClInclude Include="WindowsErrorCode.h" />
    <ClInclude Include="WindowsModule.h" />
    <ClInclude Include="GameModules\IniModule.h">
      <Filter>GameModules</Filter>
    </ClInclude>
    <ClInclude Include="GameModules\IpDropDown.h">
      <Filter>GameModules</Filter>
    </ClInclude>
    <ClInclude Include="GameModules\DllModule.h">
      <Filter>GameModules</Filter>
    </ClInclude>
    <ClInclude Include="GameModules\ConsoleModule.h">
      <Filter>GameModules</Filter>
    </ClInclude>
    <ClInclude Include="WindowsUniqueHandle.h" />
    <ClInclude Include="WindowsUniqueModule.h" />
  </ItemGroup>
  <ItemGroup>
    <Filter Include="GameModules">
      <UniqueIdentifier>{ec8f43e7-0e90-410c-9166-06a4cdbe9270}</UniqueIdentifier>
    </Filter>
  </ItemGroup>
</Project>